
Microsoft Visual Studio Solution File, Format Version 12.00
# Visual Studio Version 18
VisualStudioVersion = 18.1.11312.151 d18.0
MinimumVisualStudioVersion = 10.0.40219.1
Project("{FAE04EC0-301F-11D3-BF4B-00C04F79EFBC}") = "Meevent-API", "Meevent-API\Meevent-API.csproj", "{F38C77D1-C15C-4F68-BECD-555140EEA388}"
EndProject
Project("{FAE04EC0-301F-11D3-BF4B-00C04F79EFBC}") = "gRpc_Meevent", "gRpc_Meevent\gRpc_Meevent.csproj", "{DF488ADC-A7D4-4E19-9DD1-3E0287ED6A5B}"
EndProject
Project("{FAE04EC0-301F-11D3-BF4B-00C04F79EFBC}") = "Meevent-MVC", "Meevent-MVC\Meevent-MVC.csproj", "{511D3210-AA93-44E8-84C7-94E989D1DECC}"
EndProject
Global
	GlobalSection(SolutionConfigurationPlatforms) = preSolution
		Debug|Any CPU = Debug|Any CPU
		Release|Any CPU = Release|Any CPU
	EndGlobalSection
	GlobalSection(ProjectConfigurationPlatforms) = postSolution
		{F38C77D1-C15C-4F68-BECD-555140EEA388}.Debug|Any CPU.ActiveCfg = Debug|Any CPU
		{F38C77D1-C15C-4F68-BECD-555140EEA388}.Debug|Any CPU.Build.0 = Debug|Any CPU
		{F38C77D1-C15C-4F68-BECD-555140EEA388}.Release|Any CPU.ActiveCfg = Release|Any CPU
		{F38C77D1-C15C-4F68-BECD-555140EEA388}.Release|Any CPU.Build.0 = Release|Any CPU
		{DF488ADC-A7D4-4E19-9DD1-3E0287ED6A5B}.Debug|Any CPU.ActiveCfg = Debug|Any CPU
		{DF488ADC-A7D4-4E19-9DD1-3E0287ED6A5B}.Debug|Any CPU.Build.0 = Debug|Any CPU
		{DF488ADC-A7D4-4E19-9DD1-3E0287ED6A5B}.Release|Any CPU.ActiveCfg = Release|Any CPU
		{DF488ADC-A7D4-4E19-9DD1-3E0287ED6A5B}.Release|Any CPU.Build.0 = Release|Any CPU
		{511D3210-AA93-44E8-84C7-94E989D1DECC}.Debug|Any CPU.ActiveCfg = Debug|Any CPU
		{511D3210-AA93-44E8-84C7-94E989D1DECC}.Debug|Any CPU.Build.0 = Debug|Any CPU
		{511D3210-AA93-44E8-84C7-94E989D1DECC}.Release|Any CPU.ActiveCfg = Release|Any CPU
		{511D3210-AA93-44E8-84C7-94E989D1DECC}.Release|Any CPU.Build.0 = Release|Any CPU
	EndGlobalSection
	GlobalSection(SolutionProperties) = preSolution
		HideSolutionNode = FALSE
	EndGlobalSection
	GlobalSection(ExtensibilityGlobals) = postSolution
		SolutionGuid = {2DF034DF-6685-4F06-AF6C-CD5B8C61218B}
	EndGlobalSection
EndGlobal
